
Microsoft Visual Studio Solution File, Format Version 12.00
# Visual Studio Version 16
VisualStudioVersion = 16.0.32413.511
MinimumVisualStudioVersion = 10.0.40219.1
Project("{FAE04EC0-301F-11D3-BF4B-00C04F79EFBC}") = "GanpatiBappa", "GanpatiBappa.csproj", "{9C68F03F-5E74-4FAF-8C36-C393662F3CBA}"
EndProject
Global
	GlobalSection(SolutionConfigurationPlatforms) = preSolution
		Debug|Any CPU = Debug|Any CPU
		Release|Any CPU = Release|Any CPU
	EndGlobalSection
	GlobalSection(ProjectConfigurationPlatforms) = postSolution
		{9C68F03F-5E74-4FAF-8C36-C393662F3CBA}.Debug|Any CPU.ActiveCfg = Debug|Any CPU
		{9C68F03F-5E74-4FAF-8C36-C393662F3CBA}.Debug|Any CPU.Build.0 = Debug|Any CPU
		{9C68F03F-5E74-4FAF-8C36-C393662F3CBA}.Release|Any CPU.ActiveCfg = Release|Any CPU
		{9C68F03F-5E74-4FAF-8C36-C393662F3CBA}.Release|Any CPU.Build.0 = Release|Any CPU
	EndGlobalSection
	GlobalSection(SolutionProperties) = preSolution
		HideSolutionNode = FALSE
	EndGlobalSection
	GlobalSection(ExtensibilityGlobals) = postSolution
		SolutionGuid = {20B26719-D3BE-4B47-860A-3E4C7A30B365}
	EndGlobalSection
EndGlobal
